<Solution>
  <Folder Name="/src/">
    <Project Path="src/Rivo.Api/Rivo.Api.csproj" />
  </Folder>
  <Folder Name="/src/Modules/" />
  <Folder Name="/src/Modules/Approval/">
    <Project Path="src/Modules/Approval/Rivo.Approval.Api/Rivo.Approval.Api.csproj" />
    <Project Path="src/Modules/Approval/Rivo.Approval.Application/Rivo.Approval.Application.csproj" />
    <Project Path="src/Modules/Approval/Rivo.Approval.Contracts/Rivo.Approval.Contracts.csproj" />
    <Project Path="src/Modules/Approval/Rivo.Approval.Domain/Rivo.Approval.Domain.csproj" />
    <Project Path="src/Modules/Approval/Rivo.Approval.Infrastructure/Rivo.Approval.Infrastructure.csproj" />
  </Folder>
  <Folder Name="/src/Modules/Audit/">
    <Project Path="src/Modules/Audit/Rivo.Audit.Api/Rivo.Audit.Api.csproj" />
    <Project Path="src/Modules/Audit/Rivo.Audit.Application/Rivo.Audit.Application.csproj" />
    <Project Path="src/Modules/Audit/Rivo.Audit.Contracts/Rivo.Audit.Contracts.csproj" />
    <Project Path="src/Modules/Audit/Rivo.Audit.Domain/Rivo.Audit.Domain.csproj" />
    <Project Path="src/Modules/Audit/Rivo.Audit.Infrastructure/Rivo.Audit.Infrastructure.csproj" />
  </Folder>
  <Folder Name="/src/Modules/Commercial/">
    <Project Path="src/Modules/Commercial/Rivo.Commercial.Api/Rivo.Commercial.Api.csproj" />
    <Project Path="src/Modules/Commercial/Rivo.Commercial.Application/Rivo.Commercial.Application.csproj" />
    <Project Path="src/Modules/Commercial/Rivo.Commercial.Contracts/Rivo.Commercial.Contracts.csproj" />
    <Project Path="src/Modules/Commercial/Rivo.Commercial.Domain/Rivo.Commercial.Domain.csproj" />
    <Project Path="src/Modules/Commercial/Rivo.Commercial.Infrastructure/Rivo.Commercial.Infrastructure.csproj" />
  </Folder>
  <Folder Name="/src/Modules/Procurement/">
    <Project Path="src/Modules/Procurement/Rivo.Procurement.Api/Rivo.Procurement.Api.csproj" />
    <Project Path="src/Modules/Procurement/Rivo.Procurement.Application/Rivo.Procurement.Application.csproj" />
    <Project Path="src/Modules/Procurement/Rivo.Procurement.Contracts/Rivo.Procurement.Contracts.csproj" />
    <Project Path="src/Modules/Procurement/Rivo.Procurement.Domain/Rivo.Procurement.Domain.csproj" />
    <Project Path="src/Modules/Procurement/Rivo.Procurement.Infrastructure/Rivo.Procurement.Infrastructure.csproj" />
  </Folder>
  <Folder Name="/src/Modules/Documents/">
    <Project Path="src/Modules/Documents/Rivo.Documents.Api/Rivo.Documents.Api.csproj" />
    <Project Path="src/Modules/Documents/Rivo.Documents.Application/Rivo.Documents.Application.csproj" />
    <Project Path="src/Modules/Documents/Rivo.Documents.Contracts/Rivo.Documents.Contracts.csproj" />
    <Project Path="src/Modules/Documents/Rivo.Documents.Domain/Rivo.Documents.Domain.csproj" />
    <Project Path="src/Modules/Documents/Rivo.Documents.Infrastructure/Rivo.Documents.Infrastructure.csproj" />
  </Folder>
  <Folder Name="/src/Modules/Finance/">
    <Project Path="src/Modules/Finance/Rivo.Finance.Api/Rivo.Finance.Api.csproj" />
    <Project Path="src/Modules/Finance/Rivo.Finance.Application/Rivo.Finance.Application.csproj" />
    <Project Path="src/Modules/Finance/Rivo.Finance.Contracts/Rivo.Finance.Contracts.csproj" />
    <Project Path="src/Modules/Finance/Rivo.Finance.Domain/Rivo.Finance.Domain.csproj" />
    <Project Path="src/Modules/Finance/Rivo.Finance.Infrastructure/Rivo.Finance.Infrastructure.csproj" />
  </Folder>
  <Folder Name="/src/Modules/Fiscal/">
    <Project Path="src/Modules/Fiscal/Rivo.Fiscal.Api/Rivo.Fiscal.Api.csproj" />
    <Project Path="src/Modules/Fiscal/Rivo.Fiscal.Application/Rivo.Fiscal.Application.csproj" />
    <Project Path="src/Modules/Fiscal/Rivo.Fiscal.Contracts/Rivo.Fiscal.Contracts.csproj" />
    <Project Path="src/Modules/Fiscal/Rivo.Fiscal.Domain/Rivo.Fiscal.Domain.csproj" />
    <Project Path="src/Modules/Fiscal/Rivo.Fiscal.Infrastructure/Rivo.Fiscal.Infrastructure.csproj" />
  </Folder>
  <Folder Name="/src/Modules/Hr/">
    <Project Path="src/Modules/Hr/Rivo.Hr.Api/Rivo.Hr.Api.csproj" />
    <Project Path="src/Modules/Hr/Rivo.Hr.Application/Rivo.Hr.Application.csproj" />
    <Project Path="src/Modules/Hr/Rivo.Hr.Contracts/Rivo.Hr.Contracts.csproj" />
    <Project Path="src/Modules/Hr/Rivo.Hr.Domain/Rivo.Hr.Domain.csproj" />
    <Project Path="src/Modules/Hr/Rivo.Hr.Infrastructure/Rivo.Hr.Infrastructure.csproj" />
  </Folder>
  <Folder Name="/src/Modules/Identity/">
    <Project Path="src/Modules/Identity/Rivo.Identity.Api/Rivo.Identity.Api.csproj" />
    <Project Path="src/Modules/Identity/Rivo.Identity.Application/Rivo.Identity.Application.csproj" />
    <Project Path="src/Modules/Identity/Rivo.Identity.Contracts/Rivo.Identity.Contracts.csproj" />
    <Project Path="src/Modules/Identity/Rivo.Identity.Domain/Rivo.Identity.Domain.csproj" />
    <Project Path="src/Modules/Identity/Rivo.Identity.Infrastructure/Rivo.Identity.Infrastructure.csproj" />
  </Folder>
  <Folder Name="/src/Modules/Notifications/">
    <Project Path="src/Modules/Notifications/Rivo.Notifications.Api/Rivo.Notifications.Api.csproj" />
    <Project Path="src/Modules/Notifications/Rivo.Notifications.Application/Rivo.Notifications.Application.csproj" />
    <Project Path="src/Modules/Notifications/Rivo.Notifications.Contracts/Rivo.Notifications.Contracts.csproj" />
    <Project Path="src/Modules/Notifications/Rivo.Notifications.Domain/Rivo.Notifications.Domain.csproj" />
    <Project Path="src/Modules/Notifications/Rivo.Notifications.Infrastructure/Rivo.Notifications.Infrastructure.csproj" />
  </Folder>
  <Folder Name="/src/Modules/Payroll/">
    <Project Path="src/Modules/Payroll/Rivo.Payroll.Api/Rivo.Payroll.Api.csproj" />
    <Project Path="src/Modules/Payroll/Rivo.Payroll.Application/Rivo.Payroll.Application.csproj" />
    <Project Path="src/Modules/Payroll/Rivo.Payroll.Contracts/Rivo.Payroll.Contracts.csproj" />
    <Project Path="src/Modules/Payroll/Rivo.Payroll.Domain/Rivo.Payroll.Domain.csproj" />
    <Project Path="src/Modules/Payroll/Rivo.Payroll.Infrastructure/Rivo.Payroll.Infrastructure.csproj" />
  </Folder>
  <Folder Name="/src/Modules/Projects/">
    <Project Path="src/Modules/Projects/Rivo.Projects.Api/Rivo.Projects.Api.csproj" />
    <Project Path="src/Modules/Projects/Rivo.Projects.Application/Rivo.Projects.Application.csproj" />
    <Project Path="src/Modules/Projects/Rivo.Projects.Contracts/Rivo.Projects.Contracts.csproj" />
    <Project Path="src/Modules/Projects/Rivo.Projects.Domain/Rivo.Projects.Domain.csproj" />
    <Project Path="src/Modules/Projects/Rivo.Projects.Infrastructure/Rivo.Projects.Infrastructure.csproj" />
  </Folder>
  <Folder Name="/src/Modules/Inventory/">
    <Project Path="src/Modules/Inventory/Rivo.Inventory.Api/Rivo.Inventory.Api.csproj" />
    <Project Path="src/Modules/Inventory/Rivo.Inventory.Application/Rivo.Inventory.Application.csproj" />
    <Project Path="src/Modules/Inventory/Rivo.Inventory.Contracts/Rivo.Inventory.Contracts.csproj" />
    <Project Path="src/Modules/Inventory/Rivo.Inventory.Domain/Rivo.Inventory.Domain.csproj" />
    <Project Path="src/Modules/Inventory/Rivo.Inventory.Infrastructure/Rivo.Inventory.Infrastructure.csproj" />
  </Folder>
  <Folder Name="/src/Modules/Fleet/">
    <Project Path="src/Modules/Fleet/Rivo.Fleet.Api/Rivo.Fleet.Api.csproj" />
    <Project Path="src/Modules/Fleet/Rivo.Fleet.Application/Rivo.Fleet.Application.csproj" />
    <Project Path="src/Modules/Fleet/Rivo.Fleet.Contracts/Rivo.Fleet.Contracts.csproj" />
    <Project Path="src/Modules/Fleet/Rivo.Fleet.Domain/Rivo.Fleet.Domain.csproj" />
    <Project Path="src/Modules/Fleet/Rivo.Fleet.Infrastructure/Rivo.Fleet.Infrastructure.csproj" />
  </Folder>
  <Folder Name="/src/Modules/Messaging/">
    <Project Path="src/Modules/Messaging/Rivo.Messaging.Api/Rivo.Messaging.Api.csproj" />
    <Project Path="src/Modules/Messaging/Rivo.Messaging.Application/Rivo.Messaging.Application.csproj" />
    <Project Path="src/Modules/Messaging/Rivo.Messaging.Contracts/Rivo.Messaging.Contracts.csproj" />
    <Project Path="src/Modules/Messaging/Rivo.Messaging.Domain/Rivo.Messaging.Domain.csproj" />
    <Project Path="src/Modules/Messaging/Rivo.Messaging.Infrastructure/Rivo.Messaging.Infrastructure.csproj" />
  </Folder>
  <Folder Name="/src/Composition/" />
  <Folder Name="/src/Composition/Settings/">
    <Project Path="src/Composition/Settings/Rivo.Settings.Api/Rivo.Settings.Api.csproj" />
    <Project Path="src/Composition/Settings/Rivo.Settings.Application/Rivo.Settings.Application.csproj" />
  </Folder>
  <Folder Name="/src/Composition/EmployeePortal/">
    <Project Path="src/Composition/EmployeePortal/Rivo.EmployeePortal.Api/Rivo.EmployeePortal.Api.csproj" />
    <Project Path="src/Composition/EmployeePortal/Rivo.EmployeePortal.Application/Rivo.EmployeePortal.Application.csproj" />
  </Folder>
  <Folder Name="/src/Composition/Dashboard/">
    <Project Path="src/Composition/Dashboard/Rivo.Dashboard.Api/Rivo.Dashboard.Api.csproj" />
    <Project Path="src/Composition/Dashboard/Rivo.Dashboard.Application/Rivo.Dashboard.Application.csproj" />
    <Project Path="src/Composition/Dashboard/Rivo.Dashboard.Contracts/Rivo.Dashboard.Contracts.csproj" />
  </Folder>
  <Folder Name="/src/Composition/CustomerPortal/">
    <Project Path="src/Composition/CustomerPortal/Rivo.CustomerPortal.Api/Rivo.CustomerPortal.Api.csproj" />
    <Project Path="src/Composition/CustomerPortal/Rivo.CustomerPortal.Application/Rivo.CustomerPortal.Application.csproj" />
  </Folder>
  <Folder Name="/src/Composition/Analytics/">
    <Project Path="src/Composition/Analytics/Rivo.Analytics.Api/Rivo.Analytics.Api.csproj" />
    <Project Path="src/Composition/Analytics/Rivo.Analytics.Application/Rivo.Analytics.Application.csproj" />
    <Project Path="src/Composition/Analytics/Rivo.Analytics.Contracts/Rivo.Analytics.Contracts.csproj" />
  </Folder>
  <Folder Name="/tests/">
    <Project Path="tests/Rivo.Api.Tests/Rivo.Api.Tests.csproj" />
    <Project Path="tests/Rivo.Architecture.Tests/Rivo.Architecture.Tests.csproj" />
    <Project Path="tests/Rivo.TestSupport/Rivo.TestSupport.csproj" />
  </Folder>
  <Folder Name="/tests/Audit/">
    <Project Path="tests/Modules/Audit/Rivo.Audit.Domain.Tests/Rivo.Audit.Domain.Tests.csproj" />
  </Folder>
  <Folder Name="/tests/Commercial/">
    <Project Path="tests/Modules/Commercial/Rivo.Commercial.Domain.Tests/Rivo.Commercial.Domain.Tests.csproj" />
  </Folder>
  <Folder Name="/tests/Procurement/">
    <Project Path="tests/Modules/Procurement/Rivo.Procurement.Domain.Tests/Rivo.Procurement.Domain.Tests.csproj" />
  </Folder>
  <Folder Name="/tests/Projects/">
    <Project Path="tests/Modules/Projects/Rivo.Projects.Domain.Tests/Rivo.Projects.Domain.Tests.csproj" />
  </Folder>
  <Folder Name="/tests/Fleet/">
    <Project Path="tests/Modules/Fleet/Rivo.Fleet.Domain.Tests/Rivo.Fleet.Domain.Tests.csproj" />
  </Folder>
  <Folder Name="/tests/Messaging/">
    <Project Path="tests/Modules/Messaging/Rivo.Messaging.Domain.Tests/Rivo.Messaging.Domain.Tests.csproj" />
    <Project Path="tests/Modules/Messaging/Rivo.Messaging.Application.Tests/Rivo.Messaging.Application.Tests.csproj" />
  </Folder>
  <Folder Name="/tests/Inventory/">
    <Project Path="tests/Modules/Inventory/Rivo.Inventory.Domain.Tests/Rivo.Inventory.Domain.Tests.csproj" />
  </Folder>
  <Folder Name="/tests/Documents/">
    <Project Path="tests/Modules/Documents/Rivo.Documents.Domain.Tests/Rivo.Documents.Domain.Tests.csproj" />
  </Folder>
  <Folder Name="/tests/Finance/">
    <Project Path="tests/Modules/Finance/Rivo.Finance.Application.Tests/Rivo.Finance.Application.Tests.csproj" />
    <Project Path="tests/Modules/Finance/Rivo.Finance.Domain.Tests/Rivo.Finance.Domain.Tests.csproj" />
  </Folder>
  <Folder Name="/tests/Fiscal/">
    <Project Path="tests/Modules/Fiscal/Rivo.Fiscal.Domain.Tests/Rivo.Fiscal.Domain.Tests.csproj" />
  </Folder>
  <Folder Name="/tests/Hr/">
    <Project Path="tests/Modules/Hr/Rivo.Hr.Domain.Tests/Rivo.Hr.Domain.Tests.csproj" />
    <Project Path="tests/Modules/Hr/Rivo.Hr.Application.Tests/Rivo.Hr.Application.Tests.csproj" />
  </Folder>
  <Folder Name="/tests/Approval/">
    <Project Path="tests/Modules/Approval/Rivo.Approval.Application.Tests/Rivo.Approval.Application.Tests.csproj" />
    <Project Path="tests/Modules/Approval/Rivo.Approval.Domain.Tests/Rivo.Approval.Domain.Tests.csproj" />
  </Folder>
  <Folder Name="/tests/Identity/">
    <Project Path="tests/Modules/Identity/Rivo.Identity.Application.Tests/Rivo.Identity.Application.Tests.csproj" />
    <Project Path="tests/Modules/Identity/Rivo.Identity.Domain.Tests/Rivo.Identity.Domain.Tests.csproj" />
  </Folder>
  <Folder Name="/tests/Notifications/">
    <Project Path="tests/Modules/Notifications/Rivo.Notifications.Domain.Tests/Rivo.Notifications.Domain.Tests.csproj" />
    <Project Path="tests/Modules/Notifications/Rivo.Notifications.Infrastructure.Tests/Rivo.Notifications.Infrastructure.Tests.csproj" />
  </Folder>
  <Folder Name="/tests/Payroll/">
    <Project Path="tests/Modules/Payroll/Rivo.Payroll.Domain.Tests/Rivo.Payroll.Domain.Tests.csproj" />
  </Folder>
  <Folder Name="/tests/Settings/">
    <Project Path="tests/Composition/Settings/Rivo.Settings.Application.Tests/Rivo.Settings.Application.Tests.csproj" />
  </Folder>
  <Folder Name="/tests/EmployeePortal/">
    <Project Path="tests/Composition/EmployeePortal/Rivo.EmployeePortal.Application.Tests/Rivo.EmployeePortal.Application.Tests.csproj" />
  </Folder>
  <Folder Name="/tests/Analytics/">
    <Project Path="tests/Composition/Analytics/Rivo.Analytics.Application.Tests/Rivo.Analytics.Application.Tests.csproj" />
  </Folder>
  <Folder Name="/tests/Dashboard/">
    <Project Path="tests/Composition/Dashboard/Rivo.Dashboard.Application.Tests/Rivo.Dashboard.Application.Tests.csproj" />
  </Folder>
  <Folder Name="/tests/CustomerPortal/">
    <Project Path="tests/Composition/CustomerPortal/Rivo.CustomerPortal.Application.Tests/Rivo.CustomerPortal.Application.Tests.csproj" />
  </Folder>
</Solution>
